
Microsoft Visual Studio Solution File, Format Version 12.00
# Visual Studio 15
Project("{FAE04EC0-301F-11D3-BF4B-00C04F79EFBC}") = "Assembly-CSharp", "Assembly-CSharp.csproj", "{BDC5EAE6-3D05-1B4C-5EEB-344233514B3C}"
EndProject
Project("{FAE04EC0-301F-11D3-BF4B-00C04F79EFBC}") = "Assembly-CSharp-Editor", "Assembly-CSharp-Editor.csproj", "{45466F4D-1B4F-EE10-0F0C-2D9EC7FF4844}"
EndProject
Global
	GlobalSection(SolutionConfigurationPlatforms) = preSolution
		Debug|Any CPU = Debug|Any CPU
		Release|Any CPU = Release|Any CPU
	EndGlobalSection
	GlobalSection(ProjectConfigurationPlatforms) = postSolution
		{BDC5EAE6-3D05-1B4C-5EEB-344233514B3C}.Debug|Any CPU.ActiveCfg = Debug|Any CPU
		{BDC5EAE6-3D05-1B4C-5EEB-344233514B3C}.Debug|Any CPU.Build.0 = Debug|Any CPU
		{BDC5EAE6-3D05-1B4C-5EEB-344233514B3C}.Release|Any CPU.ActiveCfg = Release|Any CPU
		{BDC5EAE6-3D05-1B4C-5EEB-344233514B3C}.Release|Any CPU.Build.0 = Release|Any CPU
		{45466F4D-1B4F-EE10-0F0C-2D9EC7FF4844}.Debug|Any CPU.ActiveCfg = Debug|Any CPU
		{45466F4D-1B4F-EE10-0F0C-2D9EC7FF4844}.Debug|Any CPU.Build.0 = Debug|Any CPU
		{45466F4D-1B4F-EE10-0F0C-2D9EC7FF4844}.Release|Any CPU.ActiveCfg = Release|Any CPU
		{45466F4D-1B4F-EE10-0F0C-2D9EC7FF4844}.Release|Any CPU.Build.0 = Release|Any CPU
	EndGlobalSection
	GlobalSection(SolutionProperties) = preSolution
		HideSolutionNode = FALSE
	EndGlobalSection
EndGlobal
